
Microsoft Visual Studio Solution File, Format Version 12.00
# Visual Studio Version 17
VisualStudioVersion = 17.8.34316.72
MinimumVisualStudioVersion = 10.0.40219.1
Project("{FAE04EC0-301F-11D3-BF4B-00C04F79EFBC}") = "LiveFaceDetectionAPP", "LiveFaceDetectionAPP.csproj", "{48CED7E2-7BBA-4DBE-93F0-0CA6A45D13A2}"
EndProject
Global
	GlobalSection(SolutionConfigurationPlatforms) = preSolution
		Debug|Any CPU = Debug|Any CPU
		Release|Any CPU = Release|Any CPU
	EndGlobalSection
	GlobalSection(ProjectConfigurationPlatforms) = postSolution
		{48CED7E2-7BBA-4DBE-93F0-0CA6A45D13A2}.Debug|Any CPU.ActiveCfg = Debug|Any CPU
		{48CED7E2-7BBA-4DBE-93F0-0CA6A45D13A2}.Debug|Any CPU.Build.0 = Debug|Any CPU
		{48CED7E2-7BBA-4DBE-93F0-0CA6A45D13A2}.Release|Any CPU.ActiveCfg = Release|Any CPU
		{48CED7E2-7BBA-4DBE-93F0-0CA6A45D13A2}.Release|Any CPU.Build.0 = Release|Any CPU
	EndGlobalSection
	GlobalSection(SolutionProperties) = preSolution
		HideSolutionNode = FALSE
	EndGlobalSection
	GlobalSection(ExtensibilityGlobals) = postSolution
		SolutionGuid = {FBEBF4BC-F8C8-42B7-897D-286C0662B85F}
	EndGlobalSection
EndGlobal
